// !$*UTF8*$!
{
	archiveVersion = 1;
	classes = {
	};
	objectVersion = 46;
	objects = {

/* Begin PBXBuildFile section */
		2AF6A4FB1BABA0D000B8D95F /* main.mm in Sources */ = {isa = PBXBuildFile; fileRef = 2AF6A4FA1BABA0D000B8D95F /* main.mm */; };
/* End PBXBuildFile section */

/* Begin PBXCopyFilesBuildPhase section */
		2AF6A4F51BABA0D000B8D95F /* CopyFiles */ = {
			isa = PBXCopyFilesBuildPhase;
			buildActionMask = 2147483647;
			dstPath = /usr/share/man/man1/;
			dstSubfolderSpec = 0;
			files = (
			);
			runOnlyForDeploymentPostprocessing = 1;
		};
/* End PBXCopyFilesBuildPhase section */

/* Begin PBXFileReference section */
		2AF6A4F71BABA0D000B8D95F /* NumberOfOneBit */ = {isa = PBXFileReference; explicitFileType = "compiled.mach-o.executable"; includeInIndex = 0; path = NumberOfOneBit; sourceTree = BUILT_PRODUCTS_DIR; };
		2AF6A4FA1BABA0D000B8D95F /* main.mm */ = {isa = PBXFileReference; lastKnownFileType = sourcecode.cpp.objcpp; path = main.mm; sourceTree = "<group>"; };
/* End PBXFileReference section */

/* Begin PBXFrameworksBuildPhase section */
		2AF6A4F41BABA0D000B8D95F /* Frameworks */ = {
			isa = PBXFrameworksBuildPhase;
			buildActionMask = 2147483647;
			files = (
			);
			runOnlyForDeploymentPostprocessing = 0;
		};
/* End PBXFrameworksBuildPhase section */

/* Begin PBXGroup section */
		2AF6A4EE1BABA0D000B8D95F = {
			isa = PBXGroup;
			children = (
				2AF6A4F91BABA0D000B8D95F /* NumberOfOneBit */,
				2AF6A4F81BABA0D000B8D95F /* Products */,
			);
			sourceTree = "<group>";
		};
		2AF6A4F81BABA0D000B8D95F /* Products */ = {
			isa = PBXGroup;
			children = (
				2AF6A4F71BABA0D000B8D95F /* NumberOfOneBit */,
			);
			name = Products;
			sourceTree = "<group>";
		};
		2AF6A4F91BABA0D000B8D95F /* NumberOfOneBit */ = {
			isa = PBXGroup;
			children = (
				2AF6A4FA1BABA0D000B8D95F /* main.mm */,
			);
			path = NumberOfOneBit;
			sourceTree = "<group>";
		};
/* End PBXGroup section */

/* Begin PBXNativeTarget section */
		2AF6A4F61BABA0D000B8D95F /* NumberOfOneBit */ = {
			isa = PBXNativeTarget;
			buildConfigurationList = 2AF6A4FE1BABA0D000B8D95F /* Build configuration list for PBXNativeTarget "NumberOfOneBit" */;
			buildPhases = (
				2AF6A4F31BABA0D000B8D95F /* Sources */,
				2AF6A4F41BABA0D000B8D95F /* Frameworks */,
				2AF6A4F51BABA0D000B8D95F /* CopyFiles */,
			);
			buildRules = (
			);
			dependencies = (
			);
			name = NumberOfOneBit;
			productName = NumberOfOneBit;
			productReference = 2AF6A4F71BABA0D000B8D95F /* NumberOfOneBit */;
			productType = "com.apple.product-type.tool";
		};
/* End PBXNativeTarget section */

/* Begin PBXProject section */
		2AF6A4EF1BABA0D000B8D95F /* Project object */ = {
			isa = PBXProject;
			attributes = {
				LastUpgradeCheck = 0700;
				ORGANIZATIONNAME = LiJia;
				TargetAttributes = {
					2AF6A4F61BABA0D000B8D95F = {
						CreatedOnToolsVersion = 7.0;
					};
				};
			};
			buildConfigurationList = 2AF6A4F21BABA0D000B8D95F /* Build configuration list for PBXProject "NumberOfOneBit" */;
			compatibilityVersion = "Xcode 3.2";
			developmentRegion = English;
			hasScannedForEncodings = 0;
			knownRegions = (
				en,
			);
			mainGroup = 2AF6A4EE1BABA0D000B8D95F;
			productRefGroup = 2AF6A4F81BABA0D000B8D95F /* Products */;
			projectDirPath = "";
			projectRoot = "";
			targets = (
				2AF6A4F61BABA0D000B8D95F /* NumberOfOneBit */,
			);
		};
/* End PBXProject section */

/* Begin PBXSourcesBuildPhase section */
		2AF6A4F31BABA0D000B8D95F /* Sources */ = {
			isa = PBXSourcesBuildPhase;
			buildActionMask = 2147483647;
			files = (
				2AF6A4FB1BABA0D000B8D95F /* main.mm in Sources */,
			);
			runOnlyForDeploymentPostprocessing = 0;
		};
/* End PBXSourcesBuildPhase section */

/* Begin XCBuildConfiguration section */
		2AF6A4FC1BABA0D000B8D95F /* Debug */ = {
			isa = XCBuildConfiguration;
			buildSettings = {
				ALWAYS_SEARCH_USER_PATHS = NO;
				CLANG_CXX_LANGUAGE_STANDARD = "gnu++0x";
				CLANG_CXX_LIBRARY = "libc++";
				CLANG_ENABLE_MODULES = YES;
				CLANG_ENABLE_OBJC_ARC = YES;
				CLANG_WARN_BOOL_CONVERSION = YES;
				CLANG_WARN_CONSTANT_CONVERSION = YES;
				CLANG_WARN_DIRECT_OBJC_ISA_USAGE = YES_ERROR;
				CLANG_WARN_EMPTY_BODY = YES;
				CLANG_WARN_ENUM_CONVERSION = YES;
				CLANG_WARN_INT_CONVERSION = YES;
				CLANG_WARN_OBJC_ROOT_CLASS = YES_ERROR;
				CLANG_WARN_UNREACHABLE_CODE = YES;
				CLANG_WARN__DUPLICATE_METHOD_MATCH = YES;
				COPY_PHASE_STRIP = NO;
				DEBUG_INFORMATION_FORMAT = dwarf;
				ENABLE_STRICT_OBJC_MSGSEND = YES;
				ENABLE_TESTABILITY = YES;
				GCC_C_LANGUAGE_STANDARD = gnu99;
				GCC_DYNAMIC_NO_PIC = NO;
				GCC_NO_COMMON_BLOCKS = YES;
				GCC_OPTIMIZATION_LEVEL = 0;
				GCC_PREPROCESSOR_DEFINITIONS = (
					"DEBUG=1",
					"$(inherited)",
				);
				GCC_WARN_64_TO_32_BIT_CONVERSION = YES;
				GCC_WARN_ABOUT_RETURN_TYPE = YES_ERROR;
				GCC_WARN_UNDECLARED_SELECTOR = YES;
				GCC_WARN_UNINITIALIZED_AUTOS = YES_AGGRESSIVE;
				GCC_WARN_UNUSED_FUNCTION = YES;
				GCC_WARN_UNUSED_VARIABLE = YES;
				MACOSX_DEPLOYMENT_TARGET = 10.10;
				MTL_ENABLE_DEBUG_INFO = YES;
				ONLY_ACTIVE_ARCH = YES;
				SDKROOT = macosx;
			};
			name = Debug;
		};
		2AF6A4FD1BABA0D000B8D95F /* Release */ = {
			isa = XCBuildConfiguration;
			buildSettings = {
				ALWAYS_SEARCH_USER_PATHS = NO;
				CLANG_CXX_LANGUAGE_STANDARD = "gnu++0x";
				CLANG_CXX_LIBRARY = "libc++";
				CLANG_ENABLE_MODULES = YES;
				CLANG_ENABLE_OBJC_ARC = YES;
				CLANG_WARN_BOOL_CONVERSION = YES;
				CLANG_WARN_CONSTANT_CONVERSION = YES;
				CLANG_WARN_DIRECT_OBJC_ISA_USAGE = YES_ERROR;
				CLANG_WARN_EMPTY_BODY = YES;
				CLANG_WARN_ENUM_CONVERSION = YES;
				CLANG_WARN_INT_CONVERSION = YES;
				CLANG_WARN_OBJC_ROOT_CLASS = YES_ERROR;
				CLANG_WARN_UNREACHABLE_CODE = YES;
				CLANG_WARN__DUPLICATE_METHOD_MATCH = YES;
				COPY_PHASE_STRIP = NO;
				DEBUG_INFORMATION_FORMAT = "dwarf-with-dsym";
				ENABLE_NS_ASSERTIONS = NO;
				ENABLE_STRICT_OBJC_MSGSEND = YES;
				GCC_C_LANGUAGE_STANDARD = gnu99;
				GCC_NO_COMMON_BLOCKS = YES;
				GCC_WARN_64_TO_32_BIT_CONVERSION = YES;
				GCC_WARN_ABOUT_RETURN_TYPE = YES_ERROR;
				GCC_WARN_UNDECLARED_SELECTOR = YES;
				GCC_WARN_UNINITIALIZED_AUTOS = YES_AGGRESSIVE;
				GCC_WARN_UNUSED_FUNCTION = YES;
				GCC_WARN_UNUSED_VARIABLE = YES;
				MACOSX_DEPLOYMENT_TARGET = 10.10;
				MTL_ENABLE_DEBUG_INFO = NO;
				SDKROOT = macosx;
			};
			name = Release;
		};
		2AF6A4FF1BABA0D000B8D95F /* Debug */ = {
			isa = XCBuildConfiguration;
			buildSettings = {
				PRODUCT_NAME = "$(TARGET_NAME)";
			};
			name = Debug;
		};
		2AF6A5001BABA0D000B8D95F /* Release */ = {
			isa = XCBuildConfiguration;
			buildSettings = {
				PRODUCT_NAME = "$(TARGET_NAME)";
			};
			name = Release;
		};
/* End XCBuildConfiguration section */

/* Begin XCConfigurationList section */
		2AF6A4F21BABA0D000B8D95F /* Build configuration list for PBXProject "NumberOfOneBit" */ = {
			isa = XCConfigurationList;
			buildConfigurations = (
				2AF6A4FC1BABA0D000B8D95F /* Debug */,
				2AF6A4FD1BABA0D000B8D95F /* Release */,
			);
			defaultConfigurationIsVisible = 0;
			defaultConfigurationName = Release;
		};
		2AF6A4FE1BABA0D000B8D95F /* Build configuration list for PBXNativeTarget "NumberOfOneBit" */ = {
			isa = XCConfigurationList;
			buildConfigurations = (
				2AF6A4FF1BABA0D000B8D95F /* Debug */,
				2AF6A5001BABA0D000B8D95F /* Release */,
			);
			defaultConfigurationIsVisible = 0;
		};
/* End XCConfigurationList section */
	};
	rootObject = 2AF6A4EF1BABA0D000B8D95F /* Project object */;
}
